
Microsoft Visual Studio Solution File, Format Version 12.00
# Visual Studio Version 16
VisualStudioVersion = 16.0.31019.35
MinimumVisualStudioVersion = 10.0.40219.1
Project("{FAE04EC0-301F-11D3-BF4B-00C04F79EFBC}") = "Rocky1", "Rocky1\Rocky1.csproj", "{862A923B-3088-4A8F-B650-F9EBE8A0423E}"
EndProject
Global
	GlobalSection(SolutionConfigurationPlatforms) = preSolution
		Debug|Any CPU = Debug|Any CPU
		Release|Any CPU = Release|Any CPU
	EndGlobalSection
	GlobalSection(ProjectConfigurationPlatforms) = postSolution
		{862A923B-3088-4A8F-B650-F9EBE8A0423E}.Debug|Any CPU.ActiveCfg = Debug|Any CPU
		{862A923B-3088-4A8F-B650-F9EBE8A0423E}.Debug|Any CPU.Build.0 = Debug|Any CPU
		{862A923B-3088-4A8F-B650-F9EBE8A0423E}.Release|Any CPU.ActiveCfg = Release|Any CPU
		{862A923B-3088-4A8F-B650-F9EBE8A0423E}.Release|Any CPU.Build.0 = Release|Any CPU
	EndGlobalSection
	GlobalSection(SolutionProperties) = preSolution
		HideSolutionNode = FALSE
	EndGlobalSection
	GlobalSection(ExtensibilityGlobals) = postSolution
		SolutionGuid = {9502AC4D-2AD7-4719-8020-48F851B7268E}
	EndGlobalSection
EndGlobal
